
Microsoft Visual Studio Solution File, Format Version 12.00
# Visual Studio Version 16
VisualStudioVersion = 16.0.30804.86
MinimumVisualStudioVersion = 10.0.40219.1
Project("{FAE04EC0-301F-11D3-BF4B-00C04F79EFBC}") = "PVBot.Android", "PVBot\PVBot.Android\PVBot.Android.csproj", "{B40ABB2B-C2E0-446B-800F-D605D304BA57}"
EndProject
Project("{FAE04EC0-301F-11D3-BF4B-00C04F79EFBC}") = "PVBot.iOS", "PVBot\PVBot.iOS\PVBot.iOS.csproj", "{DED6D935-CE04-4F2A-877A-D5C52D75F0D5}"
EndProject
Project("{2150E333-8FDC-42A3-9474-1A3956D46DE8}") = "0 - Framework", "0 - Framework", "{E7BE8B8E-1A9C-4B51-99FA-B037AA608E73}"
EndProject
Project("{2150E333-8FDC-42A3-9474-1A3956D46DE8}") = "1 - Logic", "1 - Logic", "{CFC66E20-949F-4690-95F8-4AB0C2A6945D}"
EndProject
Project("{2150E333-8FDC-42A3-9474-1A3956D46DE8}") = "Tests", "Tests", "{BE64260A-930A-436E-91DC-BDB1F33BC9A8}"
EndProject
Project("{2150E333-8FDC-42A3-9474-1A3956D46DE8}") = "3 - Apps", "3 - Apps", "{A580EBB9-8F95-4606-A2F7-9C11AF350F22}"
EndProject
Project("{9A19103F-16F7-4668-BE54-9A1E7A4F7556}") = "PVBot.UnitTests", "PVBot\PVBot.UnitTests\PVBot.UnitTests.csproj", "{2BA3EA7E-9B06-4E70-8569-61239F23F18E}"
EndProject
Project("{2150E333-8FDC-42A3-9474-1A3956D46DE8}") = "2 - View", "2 - View", "{13EEDF1B-182A-4121-90DC-0CA92F047EF5}"
EndProject
Project("{2150E333-8FDC-42A3-9474-1A3956D46DE8}") = "Solution Items", "Solution Items", "{8CA17789-4568-422B-BBA3-7565097FAE7B}"
	ProjectSection(SolutionItems) = preProject
		.editorconfig = .editorconfig
		LICENSE = LICENSE
		README.md = README.md
	EndProjectSection
EndProject
Project("{9A19103F-16F7-4668-BE54-9A1E7A4F7556}") = "PVBot.Clients.Portable", "PVBot\PVBot.Clients.Portable\PVBot.Clients.Portable.csproj", "{416B680A-96E2-4D96-B557-484CB1719A95}"
EndProject
Project("{9A19103F-16F7-4668-BE54-9A1E7A4F7556}") = "PVBot.DataObjects", "PVBot\PVBot.DataObjects\PVBot.DataObjects.csproj", "{09951489-A571-43C3-85DE-538E0B944D27}"
EndProject
Project("{9A19103F-16F7-4668-BE54-9A1E7A4F7556}") = "PVBot.Clients.UI", "PVBot\PVBot.Clients.UI\PVBot.Clients.UI.csproj", "{8907A215-50DA-4DE0-AA7C-E7D3F1A19618}"
EndProject
Project("{9A19103F-16F7-4668-BE54-9A1E7A4F7556}") = "PVBot.Application", "PVBot\PVBot.Application\PVBot.Application.csproj", "{40840038-B6B3-4CEB-BC5E-9DB63E80CC5C}"
EndProject
Project("{9A19103F-16F7-4668-BE54-9A1E7A4F7556}") = "PVBot.Application.Mock", "PVBot\PVBot.Application.Mock\PVBot.Application.Mock.csproj", "{1A6F4E60-F5FB-49EE-9E3A-6854110CB0F2}"
EndProject
Project("{FAE04EC0-301F-11D3-BF4B-00C04F79EFBC}") = "PVBot.IntregationTests", "PVBot\PVBot.IntregationTests\PVBot.IntregationTests.csproj", "{B6F7400C-B540-4C5B-A8E7-786ADDE41859}"
EndProject
Global
	GlobalSection(SolutionConfigurationPlatforms) = preSolution
		Ad-Hoc|Any CPU = Ad-Hoc|Any CPU
		Ad-Hoc|iPhone = Ad-Hoc|iPhone
		Ad-Hoc|iPhoneSimulator = Ad-Hoc|iPhoneSimulator
		AppStore|Any CPU = AppStore|Any CPU
		AppStore|iPhone = AppStore|iPhone
		AppStore|iPhoneSimulator = AppStore|iPhoneSimulator
		Debug|Any CPU = Debug|Any CPU
		Debug|iPhone = Debug|iPhone
		Debug|iPhoneSimulator = Debug|iPhoneSimulator
		Release|Any CPU = Release|Any CPU
		Release|iPhone = Release|iPhone
		Release|iPhoneSimulator = Release|iPhoneSimulator
	EndGlobalSection
	GlobalSection(ProjectConfigurationPlatforms) = postSolution
		{B40ABB2B-C2E0-446B-800F-D605D304BA57}.Ad-Hoc|Any CPU.ActiveCfg = Debug|Any CPU
		{B40ABB2B-C2E0-446B-800F-D605D304BA57}.Ad-Hoc|Any CPU.Build.0 = Debug|Any CPU
		{B40ABB2B-C2E0-446B-800F-D605D304BA57}.Ad-Hoc|Any CPU.Deploy.0 = Debug|Any CPU
		{B40ABB2B-C2E0-446B-800F-D605D304BA57}.Ad-Hoc|iPhone.ActiveCfg = Debug|Any CPU
		{B40ABB2B-C2E0-446B-800F-D605D304BA57}.Ad-Hoc|iPhone.Build.0 = Debug|Any CPU
		{B40ABB2B-C2E0-446B-800F-D605D304BA57}.Ad-Hoc|iPhone.Deploy.0 = Debug|Any CPU
		{B40ABB2B-C2E0-446B-800F-D605D304BA57}.Ad-Hoc|iPhoneSimulator.ActiveCfg = Debug|Any CPU
		{B40ABB2B-C2E0-446B-800F-D605D304BA57}.Ad-Hoc|iPhoneSimulator.Build.0 = Debug|Any CPU
		{B40ABB2B-C2E0-446B-800F-D605D304BA57}.Ad-Hoc|iPhoneSimulator.Deploy.0 = Debug|Any CPU
		{B40ABB2B-C2E0-446B-800F-D605D304BA57}.AppStore|Any CPU.ActiveCfg = Debug|Any CPU
		{B40ABB2B-C2E0-446B-800F-D605D304BA57}.AppStore|Any CPU.Build.0 = Debug|Any CPU
		{B40ABB2B-C2E0-446B-800F-D605D304BA57}.AppStore|Any CPU.Deploy.0 = Debug|Any CPU
		{B40ABB2B-C2E0-446B-800F-D605D304BA57}.AppStore|iPhone.ActiveCfg = Debug|Any CPU
		{B40ABB2B-C2E0-446B-800F-D605D304BA57}.AppStore|iPhone.Build.0 = Debug|Any CPU
		{B40ABB2B-C2E0-446B-800F-D605D304BA57}.AppStore|iPhone.Deploy.0 = Debug|Any CPU
		{B40ABB2B-C2E0-446B-800F-D605D304BA57}.AppStore|iPhoneSimulator.ActiveCfg = Debug|Any CPU
		{B40ABB2B-C2E0-446B-800F-D605D304BA57}.AppStore|iPhoneSimulator.Build.0 = Debug|Any CPU
		{B40ABB2B-C2E0-446B-800F-D605D304BA57}.AppStore|iPhoneSimulator.Deploy.0 = Debug|Any CPU
		{B40ABB2B-C2E0-446B-800F-D605D304BA57}.Debug|Any CPU.ActiveCfg = Debug|Any CPU
		{B40ABB2B-C2E0-446B-800F-D605D304BA57}.Debug|Any CPU.Build.0 = Debug|Any CPU
		{B40ABB2B-C2E0-446B-800F-D605D304BA57}.Debug|Any CPU.Deploy.0 = Debug|Any CPU
		{B40ABB2B-C2E0-446B-800F-D605D304BA57}.Debug|iPhone.ActiveCfg = Debug|Any CPU
		{B40ABB2B-C2E0-446B-800F-D605D304BA57}.Debug|iPhone.Build.0 = Debug|Any CPU
		{B40ABB2B-C2E0-446B-800F-D605D304BA57}.Debug|iPhone.Deploy.0 = Debug|Any CPU
		{B40ABB2B-C2E0-446B-800F-D605D304BA57}.Debug|iPhoneSimulator.ActiveCfg = Debug|Any CPU
		{B40ABB2B-C2E0-446B-800F-D605D304BA57}.Debug|iPhoneSimulator.Build.0 = Debug|Any CPU
		{B40ABB2B-C2E0-446B-800F-D605D304BA57}.Debug|iPhoneSimulator.Deploy.0 = Debug|Any CPU
		{B40ABB2B-C2E0-446B-800F-D605D304BA57}.Release|Any CPU.ActiveCfg = Release|Any CPU
		{B40ABB2B-C2E0-446B-800F-D605D304BA57}.Release|Any CPU.Build.0 = Release|Any CPU
		{B40ABB2B-C2E0-446B-800F-D605D304BA57}.Release|Any CPU.Deploy.0 = Release|Any CPU
		{B40ABB2B-C2E0-446B-800F-D605D304BA57}.Release|iPhone.ActiveCfg = Release|Any CPU
		{B40ABB2B-C2E0-446B-800F-D605D304BA57}.Release|iPhone.Build.0 = Release|Any CPU
		{B40ABB2B-C2E0-446B-800F-D605D304BA57}.Release|iPhone.Deploy.0 = Release|Any CPU
		{B40ABB2B-C2E0-446B-800F-D605D304BA57}.Release|iPhoneSimulator.ActiveCfg = Release|Any CPU
		{B40ABB2B-C2E0-446B-800F-D605D304BA57}.Release|iPhoneSimulator.Build.0 = Release|Any CPU
		{B40ABB2B-C2E0-446B-800F-D605D304BA57}.Release|iPhoneSimulator.Deploy.0 = Release|Any CPU
		{DED6D935-CE04-4F2A-877A-D5C52D75F0D5}.Ad-Hoc|Any CPU.ActiveCfg = Ad-Hoc|iPhoneSimulator
		{DED6D935-CE04-4F2A-877A-D5C52D75F0D5}.Ad-Hoc|iPhone.ActiveCfg = Ad-Hoc|iPhone
		{DED6D935-CE04-4F2A-877A-D5C52D75F0D5}.Ad-Hoc|iPhone.Build.0 = Ad-Hoc|iPhone
		{DED6D935-CE04-4F2A-877A-D5C52D75F0D5}.Ad-Hoc|iPhoneSimulator.ActiveCfg = Ad-Hoc|iPhoneSimulator
		{DED6D935-CE04-4F2A-877A-D5C52D75F0D5}.Ad-Hoc|iPhoneSimulator.Build.0 = Ad-Hoc|iPhoneSimulator
		{DED6D935-CE04-4F2A-877A-D5C52D75F0D5}.AppStore|Any CPU.ActiveCfg = AppStore|iPhoneSimulator
		{DED6D935-CE04-4F2A-877A-D5C52D75F0D5}.AppStore|iPhone.ActiveCfg = AppStore|iPhone
		{DED6D935-CE04-4F2A-877A-D5C52D75F0D5}.AppStore|iPhone.Build.0 = AppStore|iPhone
		{DED6D935-CE04-4F2A-877A-D5C52D75F0D5}.AppStore|iPhoneSimulator.ActiveCfg = AppStore|iPhoneSimulator
		{DED6D935-CE04-4F2A-877A-D5C52D75F0D5}.AppStore|iPhoneSimulator.Build.0 = AppStore|iPhoneSimulator
		{DED6D935-CE04-4F2A-877A-D5C52D75F0D5}.Debug|Any CPU.ActiveCfg = Debug|iPhoneSimulator
		{DED6D935-CE04-4F2A-877A-D5C52D75F0D5}.Debug|iPhone.ActiveCfg = Debug|iPhone
		{DED6D935-CE04-4F2A-877A-D5C52D75F0D5}.Debug|iPhone.Build.0 = Debug|iPhone
		{DED6D935-CE04-4F2A-877A-D5C52D75F0D5}.Debug|iPhoneSimulator.ActiveCfg = Debug|iPhoneSimulator
		{DED6D935-CE04-4F2A-877A-D5C52D75F0D5}.Debug|iPhoneSimulator.Build.0 = Debug|iPhoneSimulator
		{DED6D935-CE04-4F2A-877A-D5C52D75F0D5}.Release|Any CPU.ActiveCfg = Release|iPhoneSimulator
		{DED6D935-CE04-4F2A-877A-D5C52D75F0D5}.Release|iPhone.ActiveCfg = Release|iPhone
		{DED6D935-CE04-4F2A-877A-D5C52D75F0D5}.Release|iPhone.Build.0 = Release|iPhone
		{DED6D935-CE04-4F2A-877A-D5C52D75F0D5}.Release|iPhoneSimulator.ActiveCfg = Release|iPhoneSimulator
		{DED6D935-CE04-4F2A-877A-D5C52D75F0D5}.Release|iPhoneSimulator.Build.0 = Release|iPhoneSimulator
		{2BA3EA7E-9B06-4E70-8569-61239F23F18E}.Ad-Hoc|Any CPU.ActiveCfg = Debug|Any CPU
		{2BA3EA7E-9B06-4E70-8569-61239F23F18E}.Ad-Hoc|Any CPU.Build.0 = Debug|Any CPU
		{2BA3EA7E-9B06-4E70-8569-61239F23F18E}.Ad-Hoc|iPhone.ActiveCfg = Debug|Any CPU
		{2BA3EA7E-9B06-4E70-8569-61239F23F18E}.Ad-Hoc|iPhone.Build.0 = Debug|Any CPU
		{2BA3EA7E-9B06-4E70-8569-61239F23F18E}.Ad-Hoc|iPhoneSimulator.ActiveCfg = Debug|Any CPU
		{2BA3EA7E-9B06-4E70-8569-61239F23F18E}.Ad-Hoc|iPhoneSimulator.Build.0 = Debug|Any CPU
		{2BA3EA7E-9B06-4E70-8569-61239F23F18E}.AppStore|Any CPU.ActiveCfg = Debug|Any CPU
		{2BA3EA7E-9B06-4E70-8569-61239F23F18E}.AppStore|Any CPU.Build.0 = Debug|Any CPU
		{2BA3EA7E-9B06-4E70-8569-61239F23F18E}.AppStore|iPhone.ActiveCfg = Debug|Any CPU
		{2BA3EA7E-9B06-4E70-8569-61239F23F18E}.AppStore|iPhone.Build.0 = Debug|Any CPU
		{2BA3EA7E-9B06-4E70-8569-61239F23F18E}.AppStore|iPhoneSimulator.ActiveCfg = Debug|Any CPU
		{2BA3EA7E-9B06-4E70-8569-61239F23F18E}.AppStore|iPhoneSimulator.Build.0 = Debug|Any CPU
		{2BA3EA7E-9B06-4E70-8569-61239F23F18E}.Debug|Any CPU.ActiveCfg = Debug|Any CPU
		{2BA3EA7E-9B06-4E70-8569-61239F23F18E}.Debug|Any CPU.Build.0 = Debug|Any CPU
		{2BA3EA7E-9B06-4E70-8569-61239F23F18E}.Debug|iPhone.ActiveCfg = Debug|Any CPU
		{2BA3EA7E-9B06-4E70-8569-61239F23F18E}.Debug|iPhone.Build.0 = Debug|Any CPU
		{2BA3EA7E-9B06-4E70-8569-61239F23F18E}.Debug|iPhoneSimulator.ActiveCfg = Debug|Any CPU
		{2BA3EA7E-9B06-4E70-8569-61239F23F18E}.Debug|iPhoneSimulator.Build.0 = Debug|Any CPU
		{2BA3EA7E-9B06-4E70-8569-61239F23F18E}.Release|Any CPU.ActiveCfg = Release|Any CPU
		{2BA3EA7E-9B06-4E70-8569-61239F23F18E}.Release|Any CPU.Build.0 = Release|Any CPU
		{2BA3EA7E-9B06-4E70-8569-61239F23F18E}.Release|iPhone.ActiveCfg = Release|Any CPU
		{2BA3EA7E-9B06-4E70-8569-61239F23F18E}.Release|iPhone.Build.0 = Release|Any CPU
		{2BA3EA7E-9B06-4E70-8569-61239F23F18E}.Release|iPhoneSimulator.ActiveCfg = Release|Any CPU
		{2BA3EA7E-9B06-4E70-8569-61239F23F18E}.Release|iPhoneSimulator.Build.0 = Release|Any CPU
		{416B680A-96E2-4D96-B557-484CB1719A95}.Ad-Hoc|Any CPU.ActiveCfg = Debug|Any CPU
		{416B680A-96E2-4D96-B557-484CB1719A95}.Ad-Hoc|Any CPU.Build.0 = Debug|Any CPU
		{416B680A-96E2-4D96-B557-484CB1719A95}.Ad-Hoc|iPhone.ActiveCfg = Debug|Any CPU
		{416B680A-96E2-4D96-B557-484CB1719A95}.Ad-Hoc|iPhone.Build.0 = Debug|Any CPU
		{416B680A-96E2-4D96-B557-484CB1719A95}.Ad-Hoc|iPhoneSimulator.ActiveCfg = Debug|Any CPU
		{416B680A-96E2-4D96-B557-484CB1719A95}.Ad-Hoc|iPhoneSimulator.Build.0 = Debug|Any CPU
		{416B680A-96E2-4D96-B557-484CB1719A95}.AppStore|Any CPU.ActiveCfg = Debug|Any CPU
		{416B680A-96E2-4D96-B557-484CB1719A95}.AppStore|Any CPU.Build.0 = Debug|Any CPU
		{416B680A-96E2-4D96-B557-484CB1719A95}.AppStore|iPhone.ActiveCfg = Debug|Any CPU
		{416B680A-96E2-4D96-B557-484CB1719A95}.AppStore|iPhone.Build.0 = Debug|Any CPU
		{416B680A-96E2-4D96-B557-484CB1719A95}.AppStore|iPhoneSimulator.ActiveCfg = Debug|Any CPU
		{416B680A-96E2-4D96-B557-484CB1719A95}.AppStore|iPhoneSimulator.Build.0 = Debug|Any CPU
		{416B680A-96E2-4D96-B557-484CB1719A95}.Debug|Any CPU.ActiveCfg = Debug|Any CPU
		{416B680A-96E2-4D96-B557-484CB1719A95}.Debug|Any CPU.Build.0 = Debug|Any CPU
		{416B680A-96E2-4D96-B557-484CB1719A95}.Debug|iPhone.ActiveCfg = Debug|Any CPU
		{416B680A-96E2-4D96-B557-484CB1719A95}.Debug|iPhone.Build.0 = Debug|Any CPU
		{416B680A-96E2-4D96-B557-484CB1719A95}.Debug|iPhoneSimulator.ActiveCfg = Debug|Any CPU
		{416B680A-96E2-4D96-B557-484CB1719A95}.Debug|iPhoneSimulator.Build.0 = Debug|Any CPU
		{416B680A-96E2-4D96-B557-484CB1719A95}.Release|Any CPU.ActiveCfg = Release|Any CPU
		{416B680A-96E2-4D96-B557-484CB1719A95}.Release|Any CPU.Build.0 = Release|Any CPU
		{416B680A-96E2-4D96-B557-484CB1719A95}.Release|iPhone.ActiveCfg = Release|Any CPU
		{416B680A-96E2-4D96-B557-484CB1719A95}.Release|iPhone.Build.0 = Release|Any CPU
		{416B680A-96E2-4D96-B557-484CB1719A95}.Release|iPhoneSimulator.ActiveCfg = Release|Any CPU
		{416B680A-96E2-4D96-B557-484CB1719A95}.Release|iPhoneSimulator.Build.0 = Release|Any CPU
		{09951489-A571-43C3-85DE-538E0B944D27}.Ad-Hoc|Any CPU.ActiveCfg = Debug|Any CPU
		{09951489-A571-43C3-85DE-538E0B944D27}.Ad-Hoc|Any CPU.Build.0 = Debug|Any CPU
		{09951489-A571-43C3-85DE-538E0B944D27}.Ad-Hoc|iPhone.ActiveCfg = Debug|Any CPU
		{09951489-A571-43C3-85DE-538E0B944D27}.Ad-Hoc|iPhone.Build.0 = Debug|Any CPU
		{09951489-A571-43C3-85DE-538E0B944D27}.Ad-Hoc|iPhoneSimulator.ActiveCfg = Debug|Any CPU
		{09951489-A571-43C3-85DE-538E0B944D27}.Ad-Hoc|iPhoneSimulator.Build.0 = Debug|Any CPU
		{09951489-A571-43C3-85DE-538E0B944D27}.AppStore|Any CPU.ActiveCfg = Debug|Any CPU
		{09951489-A571-43C3-85DE-538E0B944D27}.AppStore|Any CPU.Build.0 = Debug|Any CPU
		{09951489-A571-43C3-85DE-538E0B944D27}.AppStore|iPhone.ActiveCfg = Debug|Any CPU
		{09951489-A571-43C3-85DE-538E0B944D27}.AppStore|iPhone.Build.0 = Debug|Any CPU
		{09951489-A571-43C3-85DE-538E0B944D27}.AppStore|iPhoneSimulator.ActiveCfg = Debug|Any CPU
		{09951489-A571-43C3-85DE-538E0B944D27}.AppStore|iPhoneSimulator.Build.0 = Debug|Any CPU
		{09951489-A571-43C3-85DE-538E0B944D27}.Debug|Any CPU.ActiveCfg = Debug|Any CPU
		{09951489-A571-43C3-85DE-538E0B944D27}.Debug|Any CPU.Build.0 = Debug|Any CPU
		{09951489-A571-43C3-85DE-538E0B944D27}.Debug|iPhone.ActiveCfg = Debug|Any CPU
		{09951489-A571-43C3-85DE-538E0B944D27}.Debug|iPhone.Build.0 = Debug|Any CPU
		{09951489-A571-43C3-85DE-538E0B944D27}.Debug|iPhoneSimulator.ActiveCfg = Debug|Any CPU
		{09951489-A571-43C3-85DE-538E0B944D27}.Debug|iPhoneSimulator.Build.0 = Debug|Any CPU
		{09951489-A571-43C3-85DE-538E0B944D27}.Release|Any CPU.ActiveCfg = Release|Any CPU
		{09951489-A571-43C3-85DE-538E0B944D27}.Release|Any CPU.Build.0 = Release|Any CPU
		{09951489-A571-43C3-85DE-538E0B944D27}.Release|iPhone.ActiveCfg = Release|Any CPU
		{09951489-A571-43C3-85DE-538E0B944D27}.Release|iPhone.Build.0 = Release|Any CPU
		{09951489-A571-43C3-85DE-538E0B944D27}.Release|iPhoneSimulator.ActiveCfg = Release|Any CPU
		{09951489-A571-43C3-85DE-538E0B944D27}.Release|iPhoneSimulator.Build.0 = Release|Any CPU
		{8907A215-50DA-4DE0-AA7C-E7D3F1A19618}.Ad-Hoc|Any CPU.ActiveCfg = Debug|Any CPU
		{8907A215-50DA-4DE0-AA7C-E7D3F1A19618}.Ad-Hoc|Any CPU.Build.0 = Debug|Any CPU
		{8907A215-50DA-4DE0-AA7C-E7D3F1A19618}.Ad-Hoc|iPhone.ActiveCfg = Debug|Any CPU
		{8907A215-50DA-4DE0-AA7C-E7D3F1A19618}.Ad-Hoc|iPhone.Build.0 = Debug|Any CPU
		{8907A215-50DA-4DE0-AA7C-E7D3F1A19618}.Ad-Hoc|iPhoneSimulator.ActiveCfg = Debug|Any CPU
		{8907A215-50DA-4DE0-AA7C-E7D3F1A19618}.Ad-Hoc|iPhoneSimulator.Build.0 = Debug|Any CPU
		{8907A215-50DA-4DE0-AA7C-E7D3F1A19618}.AppStore|Any CPU.ActiveCfg = Debug|Any CPU
		{8907A215-50DA-4DE0-AA7C-E7D3F1A19618}.AppStore|Any CPU.Build.0 = Debug|Any CPU
		{8907A215-50DA-4DE0-AA7C-E7D3F1A19618}.AppStore|iPhone.ActiveCfg = Debug|Any CPU
		{8907A215-50DA-4DE0-AA7C-E7D3F1A19618}.AppStore|iPhone.Build.0 = Debug|Any CPU
		{8907A215-50DA-4DE0-AA7C-E7D3F1A19618}.AppStore|iPhoneSimulator.ActiveCfg = Debug|Any CPU
		{8907A215-50DA-4DE0-AA7C-E7D3F1A19618}.AppStore|iPhoneSimulator.Build.0 = Debug|Any CPU
		{8907A215-50DA-4DE0-AA7C-E7D3F1A19618}.Debug|Any CPU.ActiveCfg = Debug|Any CPU
		{8907A215-50DA-4DE0-AA7C-E7D3F1A19618}.Debug|Any CPU.Build.0 = Debug|Any CPU
		{8907A215-50DA-4DE0-AA7C-E7D3F1A19618}.Debug|iPhone.ActiveCfg = Debug|Any CPU
		{8907A215-50DA-4DE0-AA7C-E7D3F1A19618}.Debug|iPhone.Build.0 = Debug|Any CPU
		{8907A215-50DA-4DE0-AA7C-E7D3F1A19618}.Debug|iPhoneSimulator.ActiveCfg = Debug|Any CPU
		{8907A215-50DA-4DE0-AA7C-E7D3F1A19618}.Debug|iPhoneSimulator.Build.0 = Debug|Any CPU
		{8907A215-50DA-4DE0-AA7C-E7D3F1A19618}.Release|Any CPU.ActiveCfg = Release|Any CPU
		{8907A215-50DA-4DE0-AA7C-E7D3F1A19618}.Release|Any CPU.Build.0 = Release|Any CPU
		{8907A215-50DA-4DE0-AA7C-E7D3F1A19618}.Release|iPhone.ActiveCfg = Release|Any CPU
		{8907A215-50DA-4DE0-AA7C-E7D3F1A19618}.Release|iPhone.Build.0 = Release|Any CPU
		{8907A215-50DA-4DE0-AA7C-E7D3F1A19618}.Release|iPhoneSimulator.ActiveCfg = Release|Any CPU
		{8907A215-50DA-4DE0-AA7C-E7D3F1A19618}.Release|iPhoneSimulator.Build.0 = Release|Any CPU
		{40840038-B6B3-4CEB-BC5E-9DB63E80CC5C}.Ad-Hoc|Any CPU.ActiveCfg = Debug|Any CPU
		{40840038-B6B3-4CEB-BC5E-9DB63E80CC5C}.Ad-Hoc|Any CPU.Build.0 = Debug|Any CPU
		{40840038-B6B3-4CEB-BC5E-9DB63E80CC5C}.Ad-Hoc|iPhone.ActiveCfg = Debug|Any CPU
		{40840038-B6B3-4CEB-BC5E-9DB63E80CC5C}.Ad-Hoc|iPhone.Build.0 = Debug|Any CPU
		{40840038-B6B3-4CEB-BC5E-9DB63E80CC5C}.Ad-Hoc|iPhoneSimulator.ActiveCfg = Debug|Any CPU
		{40840038-B6B3-4CEB-BC5E-9DB63E80CC5C}.Ad-Hoc|iPhoneSimulator.Build.0 = Debug|Any CPU
		{40840038-B6B3-4CEB-BC5E-9DB63E80CC5C}.AppStore|Any CPU.ActiveCfg = Debug|Any CPU
		{40840038-B6B3-4CEB-BC5E-9DB63E80CC5C}.AppStore|Any CPU.Build.0 = Debug|Any CPU
		{40840038-B6B3-4CEB-BC5E-9DB63E80CC5C}.AppStore|iPhone.ActiveCfg = Debug|Any CPU
		{40840038-B6B3-4CEB-BC5E-9DB63E80CC5C}.AppStore|iPhone.Build.0 = Debug|Any CPU
		{40840038-B6B3-4CEB-BC5E-9DB63E80CC5C}.AppStore|iPhoneSimulator.ActiveCfg = Debug|Any CPU
		{40840038-B6B3-4CEB-BC5E-9DB63E80CC5C}.AppStore|iPhoneSimulator.Build.0 = Debug|Any CPU
		{40840038-B6B3-4CEB-BC5E-9DB63E80CC5C}.Debug|Any CPU.ActiveCfg = Debug|Any CPU
		{40840038-B6B3-4CEB-BC5E-9DB63E80CC5C}.Debug|Any CPU.Build.0 = Debug|Any CPU
		{40840038-B6B3-4CEB-BC5E-9DB63E80CC5C}.Debug|iPhone.ActiveCfg = Debug|Any CPU
		{40840038-B6B3-4CEB-BC5E-9DB63E80CC5C}.Debug|iPhone.Build.0 = Debug|Any CPU
		{40840038-B6B3-4CEB-BC5E-9DB63E80CC5C}.Debug|iPhoneSimulator.ActiveCfg = Debug|Any CPU
		{40840038-B6B3-4CEB-BC5E-9DB63E80CC5C}.Debug|iPhoneSimulator.Build.0 = Debug|Any CPU
		{40840038-B6B3-4CEB-BC5E-9DB63E80CC5C}.Release|Any CPU.ActiveCfg = Release|Any CPU
		{40840038-B6B3-4CEB-BC5E-9DB63E80CC5C}.Release|Any CPU.Build.0 = Release|Any CPU
		{40840038-B6B3-4CEB-BC5E-9DB63E80CC5C}.Release|iPhone.ActiveCfg = Release|Any CPU
		{40840038-B6B3-4CEB-BC5E-9DB63E80CC5C}.Release|iPhone.Build.0 = Release|Any CPU
		{40840038-B6B3-4CEB-BC5E-9DB63E80CC5C}.Release|iPhoneSimulator.ActiveCfg = Release|Any CPU
		{40840038-B6B3-4CEB-BC5E-9DB63E80CC5C}.Release|iPhoneSimulator.Build.0 = Release|Any CPU
		{1A6F4E60-F5FB-49EE-9E3A-6854110CB0F2}.Ad-Hoc|Any CPU.ActiveCfg = Debug|Any CPU
		{1A6F4E60-F5FB-49EE-9E3A-6854110CB0F2}.Ad-Hoc|Any CPU.Build.0 = Debug|Any CPU
		{1A6F4E60-F5FB-49EE-9E3A-6854110CB0F2}.Ad-Hoc|iPhone.ActiveCfg = Debug|Any CPU
		{1A6F4E60-F5FB-49EE-9E3A-6854110CB0F2}.Ad-Hoc|iPhone.Build.0 = Debug|Any CPU
		{1A6F4E60-F5FB-49EE-9E3A-6854110CB0F2}.Ad-Hoc|iPhoneSimulator.ActiveCfg = Debug|Any CPU
		{1A6F4E60-F5FB-49EE-9E3A-6854110CB0F2}.Ad-Hoc|iPhoneSimulator.Build.0 = Debug|Any CPU
		{1A6F4E60-F5FB-49EE-9E3A-6854110CB0F2}.AppStore|Any CPU.ActiveCfg = Debug|Any CPU
		{1A6F4E60-F5FB-49EE-9E3A-6854110CB0F2}.AppStore|Any CPU.Build.0 = Debug|Any CPU
		{1A6F4E60-F5FB-49EE-9E3A-6854110CB0F2}.AppStore|iPhone.ActiveCfg = Debug|Any CPU
		{1A6F4E60-F5FB-49EE-9E3A-6854110CB0F2}.AppStore|iPhone.Build.0 = Debug|Any CPU
		{1A6F4E60-F5FB-49EE-9E3A-6854110CB0F2}.AppStore|iPhoneSimulator.ActiveCfg = Debug|Any CPU
		{1A6F4E60-F5FB-49EE-9E3A-6854110CB0F2}.AppStore|iPhoneSimulator.Build.0 = Debug|Any CPU
		{1A6F4E60-F5FB-49EE-9E3A-6854110CB0F2}.Debug|Any CPU.ActiveCfg = Debug|Any CPU
		{1A6F4E60-F5FB-49EE-9E3A-6854110CB0F2}.Debug|Any CPU.Build.0 = Debug|Any CPU
		{1A6F4E60-F5FB-49EE-9E3A-6854110CB0F2}.Debug|iPhone.ActiveCfg = Debug|Any CPU
		{1A6F4E60-F5FB-49EE-9E3A-6854110CB0F2}.Debug|iPhone.Build.0 = Debug|Any CPU
		{1A6F4E60-F5FB-49EE-9E3A-6854110CB0F2}.Debug|iPhoneSimulator.ActiveCfg = Debug|Any CPU
		{1A6F4E60-F5FB-49EE-9E3A-6854110CB0F2}.Debug|iPhoneSimulator.Build.0 = Debug|Any CPU
		{1A6F4E60-F5FB-49EE-9E3A-6854110CB0F2}.Release|Any CPU.ActiveCfg = Release|Any CPU
		{1A6F4E60-F5FB-49EE-9E3A-6854110CB0F2}.Release|Any CPU.Build.0 = Release|Any CPU
		{1A6F4E60-F5FB-49EE-9E3A-6854110CB0F2}.Release|iPhone.ActiveCfg = Release|Any CPU
		{1A6F4E60-F5FB-49EE-9E3A-6854110CB0F2}.Release|iPhone.Build.0 = Release|Any CPU
		{1A6F4E60-F5FB-49EE-9E3A-6854110CB0F2}.Release|iPhoneSimulator.ActiveCfg = Release|Any CPU
		{1A6F4E60-F5FB-49EE-9E3A-6854110CB0F2}.Release|iPhoneSimulator.Build.0 = Release|Any CPU
		{B6F7400C-B540-4C5B-A8E7-786ADDE41859}.Ad-Hoc|Any CPU.ActiveCfg = Debug|Any CPU
		{B6F7400C-B540-4C5B-A8E7-786ADDE41859}.Ad-Hoc|Any CPU.Build.0 = Debug|Any CPU
		{B6F7400C-B540-4C5B-A8E7-786ADDE41859}.Ad-Hoc|iPhone.ActiveCfg = Debug|Any CPU
		{B6F7400C-B540-4C5B-A8E7-786ADDE41859}.Ad-Hoc|iPhone.Build.0 = Debug|Any CPU
		{B6F7400C-B540-4C5B-A8E7-786ADDE41859}.Ad-Hoc|iPhoneSimulator.ActiveCfg = Debug|Any CPU
		{B6F7400C-B540-4C5B-A8E7-786ADDE41859}.Ad-Hoc|iPhoneSimulator.Build.0 = Debug|Any CPU
		{B6F7400C-B540-4C5B-A8E7-786ADDE41859}.AppStore|Any CPU.ActiveCfg = Debug|Any CPU
		{B6F7400C-B540-4C5B-A8E7-786ADDE41859}.AppStore|Any CPU.Build.0 = Debug|Any CPU
		{B6F7400C-B540-4C5B-A8E7-786ADDE41859}.AppStore|iPhone.ActiveCfg = Debug|Any CPU
		{B6F7400C-B540-4C5B-A8E7-786ADDE41859}.AppStore|iPhone.Build.0 = Debug|Any CPU
		{B6F7400C-B540-4C5B-A8E7-786ADDE41859}.AppStore|iPhoneSimulator.ActiveCfg = Debug|Any CPU
		{B6F7400C-B540-4C5B-A8E7-786ADDE41859}.AppStore|iPhoneSimulator.Build.0 = Debug|Any CPU
		{B6F7400C-B540-4C5B-A8E7-786ADDE41859}.Debug|Any CPU.ActiveCfg = Debug|Any CPU
		{B6F7400C-B540-4C5B-A8E7-786ADDE41859}.Debug|Any CPU.Build.0 = Debug|Any CPU
		{B6F7400C-B540-4C5B-A8E7-786ADDE41859}.Debug|iPhone.ActiveCfg = Debug|Any CPU
		{B6F7400C-B540-4C5B-A8E7-786ADDE41859}.Debug|iPhone.Build.0 = Debug|Any CPU
		{B6F7400C-B540-4C5B-A8E7-786ADDE41859}.Debug|iPhoneSimulator.ActiveCfg = Debug|Any CPU
		{B6F7400C-B540-4C5B-A8E7-786ADDE41859}.Debug|iPhoneSimulator.Build.0 = Debug|Any CPU
		{B6F7400C-B540-4C5B-A8E7-786ADDE41859}.Release|Any CPU.ActiveCfg = Release|Any CPU
		{B6F7400C-B540-4C5B-A8E7-786ADDE41859}.Release|Any CPU.Build.0 = Release|Any CPU
		{B6F7400C-B540-4C5B-A8E7-786ADDE41859}.Release|iPhone.ActiveCfg = Release|Any CPU
		{B6F7400C-B540-4C5B-A8E7-786ADDE41859}.Release|iPhone.Build.0 = Release|Any CPU
		{B6F7400C-B540-4C5B-A8E7-786ADDE41859}.Release|iPhoneSimulator.ActiveCfg = Release|Any CPU
		{B6F7400C-B540-4C5B-A8E7-786ADDE41859}.Release|iPhoneSimulator.Build.0 = Release|Any CPU
	EndGlobalSection
	GlobalSection(SolutionProperties) = preSolution
		HideSolutionNode = FALSE
	EndGlobalSection
	GlobalSection(NestedProjects) = preSolution
		{B40ABB2B-C2E0-446B-800F-D605D304BA57} = {A580EBB9-8F95-4606-A2F7-9C11AF350F22}
		{DED6D935-CE04-4F2A-877A-D5C52D75F0D5} = {A580EBB9-8F95-4606-A2F7-9C11AF350F22}
		{2BA3EA7E-9B06-4E70-8569-61239F23F18E} = {BE64260A-930A-436E-91DC-BDB1F33BC9A8}
		{416B680A-96E2-4D96-B557-484CB1719A95} = {13EEDF1B-182A-4121-90DC-0CA92F047EF5}
		{09951489-A571-43C3-85DE-538E0B944D27} = {E7BE8B8E-1A9C-4B51-99FA-B037AA608E73}
		{8907A215-50DA-4DE0-AA7C-E7D3F1A19618} = {13EEDF1B-182A-4121-90DC-0CA92F047EF5}
		{40840038-B6B3-4CEB-BC5E-9DB63E80CC5C} = {CFC66E20-949F-4690-95F8-4AB0C2A6945D}
		{1A6F4E60-F5FB-49EE-9E3A-6854110CB0F2} = {CFC66E20-949F-4690-95F8-4AB0C2A6945D}
		{B6F7400C-B540-4C5B-A8E7-786ADDE41859} = {BE64260A-930A-436E-91DC-BDB1F33BC9A8}
	EndGlobalSection
	GlobalSection(ExtensibilityGlobals) = postSolution
		SolutionGuid = {C82FF7F1-8580-4AC4-98BB-870BC853331E}
	EndGlobalSection
EndGlobal
