
Microsoft Visual Studio Solution File, Format Version 12.00
# Visual Studio Version 16
VisualStudioVersion = 16.0.30804.86
MinimumVisualStudioVersion = 10.0.40219.1
Project("{2150E333-8FDC-42A3-9474-1A3956D46DE8}") = "0 - Core", "0 - Core", "{E7BE8B8E-1A9C-4B51-99FA-B037AA608E73}"
EndProject
Project("{2150E333-8FDC-42A3-9474-1A3956D46DE8}") = "1 - Framework", "1 - Framework", "{CFC66E20-949F-4690-95F8-4AB0C2A6945D}"
EndProject
Project("{2150E333-8FDC-42A3-9474-1A3956D46DE8}") = "Tests", "Tests", "{BE64260A-930A-436E-91DC-BDB1F33BC9A8}"
EndProject
Project("{2150E333-8FDC-42A3-9474-1A3956D46DE8}") = "3 - Apps", "3 - Apps", "{A580EBB9-8F95-4606-A2F7-9C11AF350F22}"
EndProject
Project("{2150E333-8FDC-42A3-9474-1A3956D46DE8}") = "2 - View", "2 - View", "{13EEDF1B-182A-4121-90DC-0CA92F047EF5}"
EndProject
Project("{2150E333-8FDC-42A3-9474-1A3956D46DE8}") = "Solution Items", "Solution Items", "{8CA17789-4568-422B-BBA3-7565097FAE7B}"
	ProjectSection(SolutionItems) = preProject
		.editorconfig = .editorconfig
		LICENSE = LICENSE
		README.md = README.md
	EndProjectSection
EndProject
Project("{9A19103F-16F7-4668-BE54-9A1E7A4F7556}") = "vpbot.DataObjects", "vpbot\vpbot.DataObjects\vpbot.DataObjects.csproj", "{422A02BF-31D6-480A-AD7D-3659C0F80315}"
EndProject
Project("{9A19103F-16F7-4668-BE54-9A1E7A4F7556}") = "vpbot.Application", "vpbot\vpbot.Application\vpbot.Application.csproj", "{5807FCC1-0267-4859-9DE9-2A848B5C6B5B}"
EndProject
Project("{9A19103F-16F7-4668-BE54-9A1E7A4F7556}") = "vpbot.Application.Mock", "vpbot\vpbot.Application.Mock\vpbot.Application.Mock.csproj", "{2A2B31F1-D375-4B1F-80F2-C71A00A0DC1E}"
EndProject
Project("{9A19103F-16F7-4668-BE54-9A1E7A4F7556}") = "vpbot.Clients.UI", "vpbot\vpbot.Clients.UI\vpbot.Clients.UI.csproj", "{12DF910F-CC7B-4B8C-B0AB-75076A077738}"
EndProject
Project("{FAE04EC0-301F-11D3-BF4B-00C04F79EFBC}") = "vpbot.iOS", "vpbot\vpbot.iOS\vpbot.iOS.csproj", "{DED6D935-CE04-4F2A-877A-D5C52D75F0D5}"
EndProject
Project("{FAE04EC0-301F-11D3-BF4B-00C04F79EFBC}") = "vpbot.Android", "vpbot\vpbot.Android\vpbot.Android.csproj", "{B40ABB2B-C2E0-446B-800F-D605D304BA57}"
EndProject
Project("{9A19103F-16F7-4668-BE54-9A1E7A4F7556}") = "vpbot.UnitTests", "vpbot\vpbot.UnitTests\vpbot.UnitTests.csproj", "{29370922-679C-4BAF-B17C-3C8A44746596}"
EndProject
Project("{9A19103F-16F7-4668-BE54-9A1E7A4F7556}") = "vpbot.IntregationTests", "vpbot\vpbot.IntregationTests\vpbot.IntregationTests.csproj", "{8187BB6A-8F78-445E-8743-ED805532CC8C}"
EndProject
Project("{9A19103F-16F7-4668-BE54-9A1E7A4F7556}") = "vpbot.Clients.Portable", "vpbot\vpbot.Clients.Portable\vpbot.Clients.Portable.csproj", "{7A51AAEC-5C7B-4654-9978-757EDA06989A}"
EndProject
Global
	GlobalSection(SolutionConfigurationPlatforms) = preSolution
		Ad-Hoc|Any CPU = Ad-Hoc|Any CPU
		Ad-Hoc|iPhone = Ad-Hoc|iPhone
		Ad-Hoc|iPhoneSimulator = Ad-Hoc|iPhoneSimulator
		AppStore|Any CPU = AppStore|Any CPU
		AppStore|iPhone = AppStore|iPhone
		AppStore|iPhoneSimulator = AppStore|iPhoneSimulator
		Debug|Any CPU = Debug|Any CPU
		Debug|iPhone = Debug|iPhone
		Debug|iPhoneSimulator = Debug|iPhoneSimulator
		Release|Any CPU = Release|Any CPU
		Release|iPhone = Release|iPhone
		Release|iPhoneSimulator = Release|iPhoneSimulator
	EndGlobalSection
	GlobalSection(ProjectConfigurationPlatforms) = postSolution
		{422A02BF-31D6-480A-AD7D-3659C0F80315}.Ad-Hoc|Any CPU.ActiveCfg = Debug|Any CPU
		{422A02BF-31D6-480A-AD7D-3659C0F80315}.Ad-Hoc|Any CPU.Build.0 = Debug|Any CPU
		{422A02BF-31D6-480A-AD7D-3659C0F80315}.Ad-Hoc|iPhone.ActiveCfg = Debug|Any CPU
		{422A02BF-31D6-480A-AD7D-3659C0F80315}.Ad-Hoc|iPhone.Build.0 = Debug|Any CPU
		{422A02BF-31D6-480A-AD7D-3659C0F80315}.Ad-Hoc|iPhoneSimulator.ActiveCfg = Debug|Any CPU
		{422A02BF-31D6-480A-AD7D-3659C0F80315}.Ad-Hoc|iPhoneSimulator.Build.0 = Debug|Any CPU
		{422A02BF-31D6-480A-AD7D-3659C0F80315}.AppStore|Any CPU.ActiveCfg = Debug|Any CPU
		{422A02BF-31D6-480A-AD7D-3659C0F80315}.AppStore|Any CPU.Build.0 = Debug|Any CPU
		{422A02BF-31D6-480A-AD7D-3659C0F80315}.AppStore|iPhone.ActiveCfg = Debug|Any CPU
		{422A02BF-31D6-480A-AD7D-3659C0F80315}.AppStore|iPhone.Build.0 = Debug|Any CPU
		{422A02BF-31D6-480A-AD7D-3659C0F80315}.AppStore|iPhoneSimulator.ActiveCfg = Debug|Any CPU
		{422A02BF-31D6-480A-AD7D-3659C0F80315}.AppStore|iPhoneSimulator.Build.0 = Debug|Any CPU
		{422A02BF-31D6-480A-AD7D-3659C0F80315}.Debug|Any CPU.ActiveCfg = Debug|Any CPU
		{422A02BF-31D6-480A-AD7D-3659C0F80315}.Debug|Any CPU.Build.0 = Debug|Any CPU
		{422A02BF-31D6-480A-AD7D-3659C0F80315}.Debug|iPhone.ActiveCfg = Debug|Any CPU
		{422A02BF-31D6-480A-AD7D-3659C0F80315}.Debug|iPhone.Build.0 = Debug|Any CPU
		{422A02BF-31D6-480A-AD7D-3659C0F80315}.Debug|iPhoneSimulator.ActiveCfg = Debug|Any CPU
		{422A02BF-31D6-480A-AD7D-3659C0F80315}.Debug|iPhoneSimulator.Build.0 = Debug|Any CPU
		{422A02BF-31D6-480A-AD7D-3659C0F80315}.Release|Any CPU.ActiveCfg = Release|Any CPU
		{422A02BF-31D6-480A-AD7D-3659C0F80315}.Release|Any CPU.Build.0 = Release|Any CPU
		{422A02BF-31D6-480A-AD7D-3659C0F80315}.Release|iPhone.ActiveCfg = Release|Any CPU
		{422A02BF-31D6-480A-AD7D-3659C0F80315}.Release|iPhone.Build.0 = Release|Any CPU
		{422A02BF-31D6-480A-AD7D-3659C0F80315}.Release|iPhoneSimulator.ActiveCfg = Release|Any CPU
		{422A02BF-31D6-480A-AD7D-3659C0F80315}.Release|iPhoneSimulator.Build.0 = Release|Any CPU
		{5807FCC1-0267-4859-9DE9-2A848B5C6B5B}.Ad-Hoc|Any CPU.ActiveCfg = Debug|Any CPU
		{5807FCC1-0267-4859-9DE9-2A848B5C6B5B}.Ad-Hoc|Any CPU.Build.0 = Debug|Any CPU
		{5807FCC1-0267-4859-9DE9-2A848B5C6B5B}.Ad-Hoc|iPhone.ActiveCfg = Debug|Any CPU
		{5807FCC1-0267-4859-9DE9-2A848B5C6B5B}.Ad-Hoc|iPhone.Build.0 = Debug|Any CPU
		{5807FCC1-0267-4859-9DE9-2A848B5C6B5B}.Ad-Hoc|iPhoneSimulator.ActiveCfg = Debug|Any CPU
		{5807FCC1-0267-4859-9DE9-2A848B5C6B5B}.Ad-Hoc|iPhoneSimulator.Build.0 = Debug|Any CPU
		{5807FCC1-0267-4859-9DE9-2A848B5C6B5B}.AppStore|Any CPU.ActiveCfg = Debug|Any CPU
		{5807FCC1-0267-4859-9DE9-2A848B5C6B5B}.AppStore|Any CPU.Build.0 = Debug|Any CPU
		{5807FCC1-0267-4859-9DE9-2A848B5C6B5B}.AppStore|iPhone.ActiveCfg = Debug|Any CPU
		{5807FCC1-0267-4859-9DE9-2A848B5C6B5B}.AppStore|iPhone.Build.0 = Debug|Any CPU
		{5807FCC1-0267-4859-9DE9-2A848B5C6B5B}.AppStore|iPhoneSimulator.ActiveCfg = Debug|Any CPU
		{5807FCC1-0267-4859-9DE9-2A848B5C6B5B}.AppStore|iPhoneSimulator.Build.0 = Debug|Any CPU
		{5807FCC1-0267-4859-9DE9-2A848B5C6B5B}.Debug|Any CPU.ActiveCfg = Debug|Any CPU
		{5807FCC1-0267-4859-9DE9-2A848B5C6B5B}.Debug|Any CPU.Build.0 = Debug|Any CPU
		{5807FCC1-0267-4859-9DE9-2A848B5C6B5B}.Debug|iPhone.ActiveCfg = Debug|Any CPU
		{5807FCC1-0267-4859-9DE9-2A848B5C6B5B}.Debug|iPhone.Build.0 = Debug|Any CPU
		{5807FCC1-0267-4859-9DE9-2A848B5C6B5B}.Debug|iPhoneSimulator.ActiveCfg = Debug|Any CPU
		{5807FCC1-0267-4859-9DE9-2A848B5C6B5B}.Debug|iPhoneSimulator.Build.0 = Debug|Any CPU
		{5807FCC1-0267-4859-9DE9-2A848B5C6B5B}.Release|Any CPU.ActiveCfg = Release|Any CPU
		{5807FCC1-0267-4859-9DE9-2A848B5C6B5B}.Release|Any CPU.Build.0 = Release|Any CPU
		{5807FCC1-0267-4859-9DE9-2A848B5C6B5B}.Release|iPhone.ActiveCfg = Release|Any CPU
		{5807FCC1-0267-4859-9DE9-2A848B5C6B5B}.Release|iPhone.Build.0 = Release|Any CPU
		{5807FCC1-0267-4859-9DE9-2A848B5C6B5B}.Release|iPhoneSimulator.ActiveCfg = Release|Any CPU
		{5807FCC1-0267-4859-9DE9-2A848B5C6B5B}.Release|iPhoneSimulator.Build.0 = Release|Any CPU
		{2A2B31F1-D375-4B1F-80F2-C71A00A0DC1E}.Ad-Hoc|Any CPU.ActiveCfg = Debug|Any CPU
		{2A2B31F1-D375-4B1F-80F2-C71A00A0DC1E}.Ad-Hoc|Any CPU.Build.0 = Debug|Any CPU
		{2A2B31F1-D375-4B1F-80F2-C71A00A0DC1E}.Ad-Hoc|iPhone.ActiveCfg = Debug|Any CPU
		{2A2B31F1-D375-4B1F-80F2-C71A00A0DC1E}.Ad-Hoc|iPhone.Build.0 = Debug|Any CPU
		{2A2B31F1-D375-4B1F-80F2-C71A00A0DC1E}.Ad-Hoc|iPhoneSimulator.ActiveCfg = Debug|Any CPU
		{2A2B31F1-D375-4B1F-80F2-C71A00A0DC1E}.Ad-Hoc|iPhoneSimulator.Build.0 = Debug|Any CPU
		{2A2B31F1-D375-4B1F-80F2-C71A00A0DC1E}.AppStore|Any CPU.ActiveCfg = Debug|Any CPU
		{2A2B31F1-D375-4B1F-80F2-C71A00A0DC1E}.AppStore|Any CPU.Build.0 = Debug|Any CPU
		{2A2B31F1-D375-4B1F-80F2-C71A00A0DC1E}.AppStore|iPhone.ActiveCfg = Debug|Any CPU
		{2A2B31F1-D375-4B1F-80F2-C71A00A0DC1E}.AppStore|iPhone.Build.0 = Debug|Any CPU
		{2A2B31F1-D375-4B1F-80F2-C71A00A0DC1E}.AppStore|iPhoneSimulator.ActiveCfg = Debug|Any CPU
		{2A2B31F1-D375-4B1F-80F2-C71A00A0DC1E}.AppStore|iPhoneSimulator.Build.0 = Debug|Any CPU
		{2A2B31F1-D375-4B1F-80F2-C71A00A0DC1E}.Debug|Any CPU.ActiveCfg = Debug|Any CPU
		{2A2B31F1-D375-4B1F-80F2-C71A00A0DC1E}.Debug|Any CPU.Build.0 = Debug|Any CPU
		{2A2B31F1-D375-4B1F-80F2-C71A00A0DC1E}.Debug|iPhone.ActiveCfg = Debug|Any CPU
		{2A2B31F1-D375-4B1F-80F2-C71A00A0DC1E}.Debug|iPhone.Build.0 = Debug|Any CPU
		{2A2B31F1-D375-4B1F-80F2-C71A00A0DC1E}.Debug|iPhoneSimulator.ActiveCfg = Debug|Any CPU
		{2A2B31F1-D375-4B1F-80F2-C71A00A0DC1E}.Debug|iPhoneSimulator.Build.0 = Debug|Any CPU
		{2A2B31F1-D375-4B1F-80F2-C71A00A0DC1E}.Release|Any CPU.ActiveCfg = Release|Any CPU
		{2A2B31F1-D375-4B1F-80F2-C71A00A0DC1E}.Release|Any CPU.Build.0 = Release|Any CPU
		{2A2B31F1-D375-4B1F-80F2-C71A00A0DC1E}.Release|iPhone.ActiveCfg = Release|Any CPU
		{2A2B31F1-D375-4B1F-80F2-C71A00A0DC1E}.Release|iPhone.Build.0 = Release|Any CPU
		{2A2B31F1-D375-4B1F-80F2-C71A00A0DC1E}.Release|iPhoneSimulator.ActiveCfg = Release|Any CPU
		{2A2B31F1-D375-4B1F-80F2-C71A00A0DC1E}.Release|iPhoneSimulator.Build.0 = Release|Any CPU
		{12DF910F-CC7B-4B8C-B0AB-75076A077738}.Ad-Hoc|Any CPU.ActiveCfg = Debug|Any CPU
		{12DF910F-CC7B-4B8C-B0AB-75076A077738}.Ad-Hoc|Any CPU.Build.0 = Debug|Any CPU
		{12DF910F-CC7B-4B8C-B0AB-75076A077738}.Ad-Hoc|iPhone.ActiveCfg = Debug|Any CPU
		{12DF910F-CC7B-4B8C-B0AB-75076A077738}.Ad-Hoc|iPhone.Build.0 = Debug|Any CPU
		{12DF910F-CC7B-4B8C-B0AB-75076A077738}.Ad-Hoc|iPhoneSimulator.ActiveCfg = Debug|Any CPU
		{12DF910F-CC7B-4B8C-B0AB-75076A077738}.Ad-Hoc|iPhoneSimulator.Build.0 = Debug|Any CPU
		{12DF910F-CC7B-4B8C-B0AB-75076A077738}.AppStore|Any CPU.ActiveCfg = Debug|Any CPU
		{12DF910F-CC7B-4B8C-B0AB-75076A077738}.AppStore|Any CPU.Build.0 = Debug|Any CPU
		{12DF910F-CC7B-4B8C-B0AB-75076A077738}.AppStore|iPhone.ActiveCfg = Debug|Any CPU
		{12DF910F-CC7B-4B8C-B0AB-75076A077738}.AppStore|iPhone.Build.0 = Debug|Any CPU
		{12DF910F-CC7B-4B8C-B0AB-75076A077738}.AppStore|iPhoneSimulator.ActiveCfg = Debug|Any CPU
		{12DF910F-CC7B-4B8C-B0AB-75076A077738}.AppStore|iPhoneSimulator.Build.0 = Debug|Any CPU
		{12DF910F-CC7B-4B8C-B0AB-75076A077738}.Debug|Any CPU.ActiveCfg = Debug|Any CPU
		{12DF910F-CC7B-4B8C-B0AB-75076A077738}.Debug|Any CPU.Build.0 = Debug|Any CPU
		{12DF910F-CC7B-4B8C-B0AB-75076A077738}.Debug|iPhone.ActiveCfg = Debug|Any CPU
		{12DF910F-CC7B-4B8C-B0AB-75076A077738}.Debug|iPhone.Build.0 = Debug|Any CPU
		{12DF910F-CC7B-4B8C-B0AB-75076A077738}.Debug|iPhoneSimulator.ActiveCfg = Debug|Any CPU
		{12DF910F-CC7B-4B8C-B0AB-75076A077738}.Debug|iPhoneSimulator.Build.0 = Debug|Any CPU
		{12DF910F-CC7B-4B8C-B0AB-75076A077738}.Release|Any CPU.ActiveCfg = Release|Any CPU
		{12DF910F-CC7B-4B8C-B0AB-75076A077738}.Release|Any CPU.Build.0 = Release|Any CPU
		{12DF910F-CC7B-4B8C-B0AB-75076A077738}.Release|iPhone.ActiveCfg = Release|Any CPU
		{12DF910F-CC7B-4B8C-B0AB-75076A077738}.Release|iPhone.Build.0 = Release|Any CPU
		{12DF910F-CC7B-4B8C-B0AB-75076A077738}.Release|iPhoneSimulator.ActiveCfg = Release|Any CPU
		{12DF910F-CC7B-4B8C-B0AB-75076A077738}.Release|iPhoneSimulator.Build.0 = Release|Any CPU
		{DED6D935-CE04-4F2A-877A-D5C52D75F0D5}.Ad-Hoc|Any CPU.ActiveCfg = Ad-Hoc|iPhoneSimulator
		{DED6D935-CE04-4F2A-877A-D5C52D75F0D5}.Ad-Hoc|iPhone.ActiveCfg = Ad-Hoc|iPhone
		{DED6D935-CE04-4F2A-877A-D5C52D75F0D5}.Ad-Hoc|iPhone.Build.0 = Ad-Hoc|iPhone
		{DED6D935-CE04-4F2A-877A-D5C52D75F0D5}.Ad-Hoc|iPhoneSimulator.ActiveCfg = Ad-Hoc|iPhoneSimulator
		{DED6D935-CE04-4F2A-877A-D5C52D75F0D5}.Ad-Hoc|iPhoneSimulator.Build.0 = Ad-Hoc|iPhoneSimulator
		{DED6D935-CE04-4F2A-877A-D5C52D75F0D5}.AppStore|Any CPU.ActiveCfg = AppStore|iPhoneSimulator
		{DED6D935-CE04-4F2A-877A-D5C52D75F0D5}.AppStore|iPhone.ActiveCfg = AppStore|iPhone
		{DED6D935-CE04-4F2A-877A-D5C52D75F0D5}.AppStore|iPhone.Build.0 = AppStore|iPhone
		{DED6D935-CE04-4F2A-877A-D5C52D75F0D5}.AppStore|iPhoneSimulator.ActiveCfg = AppStore|iPhoneSimulator
		{DED6D935-CE04-4F2A-877A-D5C52D75F0D5}.AppStore|iPhoneSimulator.Build.0 = AppStore|iPhoneSimulator
		{DED6D935-CE04-4F2A-877A-D5C52D75F0D5}.Debug|Any CPU.ActiveCfg = Debug|iPhoneSimulator
		{DED6D935-CE04-4F2A-877A-D5C52D75F0D5}.Debug|iPhone.ActiveCfg = Debug|iPhone
		{DED6D935-CE04-4F2A-877A-D5C52D75F0D5}.Debug|iPhone.Build.0 = Debug|iPhone
		{DED6D935-CE04-4F2A-877A-D5C52D75F0D5}.Debug|iPhoneSimulator.ActiveCfg = Debug|iPhoneSimulator
		{DED6D935-CE04-4F2A-877A-D5C52D75F0D5}.Debug|iPhoneSimulator.Build.0 = Debug|iPhoneSimulator
		{DED6D935-CE04-4F2A-877A-D5C52D75F0D5}.Release|Any CPU.ActiveCfg = Release|iPhoneSimulator
		{DED6D935-CE04-4F2A-877A-D5C52D75F0D5}.Release|iPhone.ActiveCfg = Release|iPhone
		{DED6D935-CE04-4F2A-877A-D5C52D75F0D5}.Release|iPhone.Build.0 = Release|iPhone
		{DED6D935-CE04-4F2A-877A-D5C52D75F0D5}.Release|iPhoneSimulator.ActiveCfg = Release|iPhoneSimulator
		{DED6D935-CE04-4F2A-877A-D5C52D75F0D5}.Release|iPhoneSimulator.Build.0 = Release|iPhoneSimulator
		{B40ABB2B-C2E0-446B-800F-D605D304BA57}.Ad-Hoc|Any CPU.ActiveCfg = Debug|Any CPU
		{B40ABB2B-C2E0-446B-800F-D605D304BA57}.Ad-Hoc|Any CPU.Build.0 = Debug|Any CPU
		{B40ABB2B-C2E0-446B-800F-D605D304BA57}.Ad-Hoc|Any CPU.Deploy.0 = Debug|Any CPU
		{B40ABB2B-C2E0-446B-800F-D605D304BA57}.Ad-Hoc|iPhone.ActiveCfg = Debug|Any CPU
		{B40ABB2B-C2E0-446B-800F-D605D304BA57}.Ad-Hoc|iPhone.Build.0 = Debug|Any CPU
		{B40ABB2B-C2E0-446B-800F-D605D304BA57}.Ad-Hoc|iPhone.Deploy.0 = Debug|Any CPU
		{B40ABB2B-C2E0-446B-800F-D605D304BA57}.Ad-Hoc|iPhoneSimulator.ActiveCfg = Debug|Any CPU
		{B40ABB2B-C2E0-446B-800F-D605D304BA57}.Ad-Hoc|iPhoneSimulator.Build.0 = Debug|Any CPU
		{B40ABB2B-C2E0-446B-800F-D605D304BA57}.Ad-Hoc|iPhoneSimulator.Deploy.0 = Debug|Any CPU
		{B40ABB2B-C2E0-446B-800F-D605D304BA57}.AppStore|Any CPU.ActiveCfg = Debug|Any CPU
		{B40ABB2B-C2E0-446B-800F-D605D304BA57}.AppStore|Any CPU.Build.0 = Debug|Any CPU
		{B40ABB2B-C2E0-446B-800F-D605D304BA57}.AppStore|Any CPU.Deploy.0 = Debug|Any CPU
		{B40ABB2B-C2E0-446B-800F-D605D304BA57}.AppStore|iPhone.ActiveCfg = Debug|Any CPU
		{B40ABB2B-C2E0-446B-800F-D605D304BA57}.AppStore|iPhone.Build.0 = Debug|Any CPU
		{B40ABB2B-C2E0-446B-800F-D605D304BA57}.AppStore|iPhone.Deploy.0 = Debug|Any CPU
		{B40ABB2B-C2E0-446B-800F-D605D304BA57}.AppStore|iPhoneSimulator.ActiveCfg = Debug|Any CPU
		{B40ABB2B-C2E0-446B-800F-D605D304BA57}.AppStore|iPhoneSimulator.Build.0 = Debug|Any CPU
		{B40ABB2B-C2E0-446B-800F-D605D304BA57}.AppStore|iPhoneSimulator.Deploy.0 = Debug|Any CPU
		{B40ABB2B-C2E0-446B-800F-D605D304BA57}.Debug|Any CPU.ActiveCfg = Debug|Any CPU
		{B40ABB2B-C2E0-446B-800F-D605D304BA57}.Debug|Any CPU.Build.0 = Debug|Any CPU
		{B40ABB2B-C2E0-446B-800F-D605D304BA57}.Debug|Any CPU.Deploy.0 = Debug|Any CPU
		{B40ABB2B-C2E0-446B-800F-D605D304BA57}.Debug|iPhone.ActiveCfg = Debug|Any CPU
		{B40ABB2B-C2E0-446B-800F-D605D304BA57}.Debug|iPhone.Build.0 = Debug|Any CPU
		{B40ABB2B-C2E0-446B-800F-D605D304BA57}.Debug|iPhone.Deploy.0 = Debug|Any CPU
		{B40ABB2B-C2E0-446B-800F-D605D304BA57}.Debug|iPhoneSimulator.ActiveCfg = Debug|Any CPU
		{B40ABB2B-C2E0-446B-800F-D605D304BA57}.Debug|iPhoneSimulator.Build.0 = Debug|Any CPU
		{B40ABB2B-C2E0-446B-800F-D605D304BA57}.Debug|iPhoneSimulator.Deploy.0 = Debug|Any CPU
		{B40ABB2B-C2E0-446B-800F-D605D304BA57}.Release|Any CPU.ActiveCfg = Release|Any CPU
		{B40ABB2B-C2E0-446B-800F-D605D304BA57}.Release|Any CPU.Build.0 = Release|Any CPU
		{B40ABB2B-C2E0-446B-800F-D605D304BA57}.Release|Any CPU.Deploy.0 = Release|Any CPU
		{B40ABB2B-C2E0-446B-800F-D605D304BA57}.Release|iPhone.ActiveCfg = Release|Any CPU
		{B40ABB2B-C2E0-446B-800F-D605D304BA57}.Release|iPhone.Build.0 = Release|Any CPU
		{B40ABB2B-C2E0-446B-800F-D605D304BA57}.Release|iPhone.Deploy.0 = Release|Any CPU
		{B40ABB2B-C2E0-446B-800F-D605D304BA57}.Release|iPhoneSimulator.ActiveCfg = Release|Any CPU
		{B40ABB2B-C2E0-446B-800F-D605D304BA57}.Release|iPhoneSimulator.Build.0 = Release|Any CPU
		{B40ABB2B-C2E0-446B-800F-D605D304BA57}.Release|iPhoneSimulator.Deploy.0 = Release|Any CPU
		{29370922-679C-4BAF-B17C-3C8A44746596}.Ad-Hoc|Any CPU.ActiveCfg = Debug|Any CPU
		{29370922-679C-4BAF-B17C-3C8A44746596}.Ad-Hoc|Any CPU.Build.0 = Debug|Any CPU
		{29370922-679C-4BAF-B17C-3C8A44746596}.Ad-Hoc|iPhone.ActiveCfg = Debug|Any CPU
		{29370922-679C-4BAF-B17C-3C8A44746596}.Ad-Hoc|iPhone.Build.0 = Debug|Any CPU
		{29370922-679C-4BAF-B17C-3C8A44746596}.Ad-Hoc|iPhoneSimulator.ActiveCfg = Debug|Any CPU
		{29370922-679C-4BAF-B17C-3C8A44746596}.Ad-Hoc|iPhoneSimulator.Build.0 = Debug|Any CPU
		{29370922-679C-4BAF-B17C-3C8A44746596}.AppStore|Any CPU.ActiveCfg = Debug|Any CPU
		{29370922-679C-4BAF-B17C-3C8A44746596}.AppStore|Any CPU.Build.0 = Debug|Any CPU
		{29370922-679C-4BAF-B17C-3C8A44746596}.AppStore|iPhone.ActiveCfg = Debug|Any CPU
		{29370922-679C-4BAF-B17C-3C8A44746596}.AppStore|iPhone.Build.0 = Debug|Any CPU
		{29370922-679C-4BAF-B17C-3C8A44746596}.AppStore|iPhoneSimulator.ActiveCfg = Debug|Any CPU
		{29370922-679C-4BAF-B17C-3C8A44746596}.AppStore|iPhoneSimulator.Build.0 = Debug|Any CPU
		{29370922-679C-4BAF-B17C-3C8A44746596}.Debug|Any CPU.ActiveCfg = Debug|Any CPU
		{29370922-679C-4BAF-B17C-3C8A44746596}.Debug|Any CPU.Build.0 = Debug|Any CPU
		{29370922-679C-4BAF-B17C-3C8A44746596}.Debug|iPhone.ActiveCfg = Debug|Any CPU
		{29370922-679C-4BAF-B17C-3C8A44746596}.Debug|iPhone.Build.0 = Debug|Any CPU
		{29370922-679C-4BAF-B17C-3C8A44746596}.Debug|iPhoneSimulator.ActiveCfg = Debug|Any CPU
		{29370922-679C-4BAF-B17C-3C8A44746596}.Debug|iPhoneSimulator.Build.0 = Debug|Any CPU
		{29370922-679C-4BAF-B17C-3C8A44746596}.Release|Any CPU.ActiveCfg = Release|Any CPU
		{29370922-679C-4BAF-B17C-3C8A44746596}.Release|Any CPU.Build.0 = Release|Any CPU
		{29370922-679C-4BAF-B17C-3C8A44746596}.Release|iPhone.ActiveCfg = Release|Any CPU
		{29370922-679C-4BAF-B17C-3C8A44746596}.Release|iPhone.Build.0 = Release|Any CPU
		{29370922-679C-4BAF-B17C-3C8A44746596}.Release|iPhoneSimulator.ActiveCfg = Release|Any CPU
		{29370922-679C-4BAF-B17C-3C8A44746596}.Release|iPhoneSimulator.Build.0 = Release|Any CPU
		{8187BB6A-8F78-445E-8743-ED805532CC8C}.Ad-Hoc|Any CPU.ActiveCfg = Debug|Any CPU
		{8187BB6A-8F78-445E-8743-ED805532CC8C}.Ad-Hoc|Any CPU.Build.0 = Debug|Any CPU
		{8187BB6A-8F78-445E-8743-ED805532CC8C}.Ad-Hoc|iPhone.ActiveCfg = Debug|Any CPU
		{8187BB6A-8F78-445E-8743-ED805532CC8C}.Ad-Hoc|iPhone.Build.0 = Debug|Any CPU
		{8187BB6A-8F78-445E-8743-ED805532CC8C}.Ad-Hoc|iPhoneSimulator.ActiveCfg = Debug|Any CPU
		{8187BB6A-8F78-445E-8743-ED805532CC8C}.Ad-Hoc|iPhoneSimulator.Build.0 = Debug|Any CPU
		{8187BB6A-8F78-445E-8743-ED805532CC8C}.AppStore|Any CPU.ActiveCfg = Debug|Any CPU
		{8187BB6A-8F78-445E-8743-ED805532CC8C}.AppStore|Any CPU.Build.0 = Debug|Any CPU
		{8187BB6A-8F78-445E-8743-ED805532CC8C}.AppStore|iPhone.ActiveCfg = Debug|Any CPU
		{8187BB6A-8F78-445E-8743-ED805532CC8C}.AppStore|iPhone.Build.0 = Debug|Any CPU
		{8187BB6A-8F78-445E-8743-ED805532CC8C}.AppStore|iPhoneSimulator.ActiveCfg = Debug|Any CPU
		{8187BB6A-8F78-445E-8743-ED805532CC8C}.AppStore|iPhoneSimulator.Build.0 = Debug|Any CPU
		{8187BB6A-8F78-445E-8743-ED805532CC8C}.Debug|Any CPU.ActiveCfg = Debug|Any CPU
		{8187BB6A-8F78-445E-8743-ED805532CC8C}.Debug|Any CPU.Build.0 = Debug|Any CPU
		{8187BB6A-8F78-445E-8743-ED805532CC8C}.Debug|iPhone.ActiveCfg = Debug|Any CPU
		{8187BB6A-8F78-445E-8743-ED805532CC8C}.Debug|iPhone.Build.0 = Debug|Any CPU
		{8187BB6A-8F78-445E-8743-ED805532CC8C}.Debug|iPhoneSimulator.ActiveCfg = Debug|Any CPU
		{8187BB6A-8F78-445E-8743-ED805532CC8C}.Debug|iPhoneSimulator.Build.0 = Debug|Any CPU
		{8187BB6A-8F78-445E-8743-ED805532CC8C}.Release|Any CPU.ActiveCfg = Release|Any CPU
		{8187BB6A-8F78-445E-8743-ED805532CC8C}.Release|Any CPU.Build.0 = Release|Any CPU
		{8187BB6A-8F78-445E-8743-ED805532CC8C}.Release|iPhone.ActiveCfg = Release|Any CPU
		{8187BB6A-8F78-445E-8743-ED805532CC8C}.Release|iPhone.Build.0 = Release|Any CPU
		{8187BB6A-8F78-445E-8743-ED805532CC8C}.Release|iPhoneSimulator.ActiveCfg = Release|Any CPU
		{8187BB6A-8F78-445E-8743-ED805532CC8C}.Release|iPhoneSimulator.Build.0 = Release|Any CPU
		{7A51AAEC-5C7B-4654-9978-757EDA06989A}.Ad-Hoc|Any CPU.ActiveCfg = Debug|Any CPU
		{7A51AAEC-5C7B-4654-9978-757EDA06989A}.Ad-Hoc|Any CPU.Build.0 = Debug|Any CPU
		{7A51AAEC-5C7B-4654-9978-757EDA06989A}.Ad-Hoc|iPhone.ActiveCfg = Debug|Any CPU
		{7A51AAEC-5C7B-4654-9978-757EDA06989A}.Ad-Hoc|iPhone.Build.0 = Debug|Any CPU
		{7A51AAEC-5C7B-4654-9978-757EDA06989A}.Ad-Hoc|iPhoneSimulator.ActiveCfg = Debug|Any CPU
		{7A51AAEC-5C7B-4654-9978-757EDA06989A}.Ad-Hoc|iPhoneSimulator.Build.0 = Debug|Any CPU
		{7A51AAEC-5C7B-4654-9978-757EDA06989A}.AppStore|Any CPU.ActiveCfg = Debug|Any CPU
		{7A51AAEC-5C7B-4654-9978-757EDA06989A}.AppStore|Any CPU.Build.0 = Debug|Any CPU
		{7A51AAEC-5C7B-4654-9978-757EDA06989A}.AppStore|iPhone.ActiveCfg = Debug|Any CPU
		{7A51AAEC-5C7B-4654-9978-757EDA06989A}.AppStore|iPhone.Build.0 = Debug|Any CPU
		{7A51AAEC-5C7B-4654-9978-757EDA06989A}.AppStore|iPhoneSimulator.ActiveCfg = Debug|Any CPU
		{7A51AAEC-5C7B-4654-9978-757EDA06989A}.AppStore|iPhoneSimulator.Build.0 = Debug|Any CPU
		{7A51AAEC-5C7B-4654-9978-757EDA06989A}.Debug|Any CPU.ActiveCfg = Debug|Any CPU
		{7A51AAEC-5C7B-4654-9978-757EDA06989A}.Debug|Any CPU.Build.0 = Debug|Any CPU
		{7A51AAEC-5C7B-4654-9978-757EDA06989A}.Debug|iPhone.ActiveCfg = Debug|Any CPU
		{7A51AAEC-5C7B-4654-9978-757EDA06989A}.Debug|iPhone.Build.0 = Debug|Any CPU
		{7A51AAEC-5C7B-4654-9978-757EDA06989A}.Debug|iPhoneSimulator.ActiveCfg = Debug|Any CPU
		{7A51AAEC-5C7B-4654-9978-757EDA06989A}.Debug|iPhoneSimulator.Build.0 = Debug|Any CPU
		{7A51AAEC-5C7B-4654-9978-757EDA06989A}.Release|Any CPU.ActiveCfg = Release|Any CPU
		{7A51AAEC-5C7B-4654-9978-757EDA06989A}.Release|Any CPU.Build.0 = Release|Any CPU
		{7A51AAEC-5C7B-4654-9978-757EDA06989A}.Release|iPhone.ActiveCfg = Release|Any CPU
		{7A51AAEC-5C7B-4654-9978-757EDA06989A}.Release|iPhone.Build.0 = Release|Any CPU
		{7A51AAEC-5C7B-4654-9978-757EDA06989A}.Release|iPhoneSimulator.ActiveCfg = Release|Any CPU
		{7A51AAEC-5C7B-4654-9978-757EDA06989A}.Release|iPhoneSimulator.Build.0 = Release|Any CPU
	EndGlobalSection
	GlobalSection(SolutionProperties) = preSolution
		HideSolutionNode = FALSE
	EndGlobalSection
	GlobalSection(NestedProjects) = preSolution
		{422A02BF-31D6-480A-AD7D-3659C0F80315} = {E7BE8B8E-1A9C-4B51-99FA-B037AA608E73}
		{5807FCC1-0267-4859-9DE9-2A848B5C6B5B} = {CFC66E20-949F-4690-95F8-4AB0C2A6945D}
		{2A2B31F1-D375-4B1F-80F2-C71A00A0DC1E} = {CFC66E20-949F-4690-95F8-4AB0C2A6945D}
		{12DF910F-CC7B-4B8C-B0AB-75076A077738} = {13EEDF1B-182A-4121-90DC-0CA92F047EF5}
		{DED6D935-CE04-4F2A-877A-D5C52D75F0D5} = {A580EBB9-8F95-4606-A2F7-9C11AF350F22}
		{B40ABB2B-C2E0-446B-800F-D605D304BA57} = {A580EBB9-8F95-4606-A2F7-9C11AF350F22}
		{29370922-679C-4BAF-B17C-3C8A44746596} = {BE64260A-930A-436E-91DC-BDB1F33BC9A8}
		{8187BB6A-8F78-445E-8743-ED805532CC8C} = {BE64260A-930A-436E-91DC-BDB1F33BC9A8}
		{7A51AAEC-5C7B-4654-9978-757EDA06989A} = {13EEDF1B-182A-4121-90DC-0CA92F047EF5}
	EndGlobalSection
	GlobalSection(ExtensibilityGlobals) = postSolution
		SolutionGuid = {C82FF7F1-8580-4AC4-98BB-870BC853331E}
	EndGlobalSection
EndGlobal
